Microsoft Visual Studio Solution File, Format Version 7.00
Project("{8BC9CEB8-8B4A-11D0-8D11-00A0C91BC942}") = "CorePNG_vfw", "CorePNG_vfw.vcproj", "{BBA27C7F-8D5D-48A7-9EBF-55DB6C6860EB}"
EndProject
Global
	GlobalSection(SolutionConfiguration) = preSolution
		ConfigName.0 = Debug
		ConfigName.1 = Release
		ConfigName.2 = Release MAX
	EndGlobalSection
	GlobalSection(ProjectDependencies) = postSolution
	EndGlobalSection
	GlobalSection(ProjectConfiguration) = postSolution
		{BBA27C7F-8D5D-48A7-9EBF-55DB6C6860EB}.Debug.ActiveCfg = Debug|Win32
		{BBA27C7F-8D5D-48A7-9EBF-55DB6C6860EB}.Debug.Build.0 = Debug|Win32
		{BBA27C7F-8D5D-48A7-9EBF-55DB6C6860EB}.Release.ActiveCfg = Release|Win32
		{BBA27C7F-8D5D-48A7-9EBF-55DB6C6860EB}.Release.Build.0 = Release|Win32
		{BBA27C7F-8D5D-48A7-9EBF-55DB6C6860EB}.Release MAX.ActiveCfg = Release MAX|Win32
		{BBA27C7F-8D5D-48A7-9EBF-55DB6C6860EB}.Release MAX.Build.0 = Release MAX|Win32
		{110FE3E0-9B08-420A-BAF8-06FF3E77EEA1}.Debug.ActiveCfg = Debug|Win32
		{110FE3E0-9B08-420A-BAF8-06FF3E77EEA1}.Release.ActiveCfg = Release|Win32
		{110FE3E0-9B08-420A-BAF8-06FF3E77EEA1}.Release MAX.ActiveCfg = Release|Win32
	EndGlobalSection
	GlobalSection(ExtensibilityAddIns) = postSolution
	EndGlobalSection
EndGlobal
